<?xml version="1.0" encoding="utf-8"?>
<Project ToolsVersion="4.0" xmlns="http://schemas.microsoft.com/developer/msbuild/2003">
  <ItemGroup>
    <Filter Include="源文件">
      <UniqueIdentifier>{452cf054-31a8-4a1e-b9e1-0ffecd477945}</UniqueIdentifier>
      <Extensions>cpp;c;cxx;rc;def;r;odl;idl;hpj;bat</Extensions>
    </Filter>
    <Filter Include="头文件">
      <UniqueIdentifier>{bb1b43d5-9b96-4de4-9c99-8712f92662f9}</UniqueIdentifier>
      <Extensions>h;hpp;hxx;hm;inl</Extensions>
    </Filter>
  </ItemGroup>
  <ItemGroup>
    <ClCompile Include="main.cpp">
      <Filter>源文件</Filter>
    </ClCompile>
    <ClCompile Include="Power0.cpp">
      <Filter>源文件</Filter>
    </ClCompile>
    <ClCompile Include="Power1.cpp">
      <Filter>源文件</Filter>
    </ClCompile>
    <ClCompile Include="Power2-0-I.cpp">
      <Filter>源文件</Filter>
    </ClCompile>
    <ClCompile Include="Power2-0-R.cpp">
      <Filter>源文件</Filter>
    </ClCompile>
    <ClCompile Include="Power2-1-I.cpp">
      <Filter>源文件</Filter>
    </ClCompile>
    <ClCompile Include="Power2-1-R.cpp">
      <Filter>源文件</Filter>
    </ClCompile>
  </ItemGroup>
</Project>